
Microsoft Visual Studio Solution File, Format Version 12.00
# Visual Studio Version 16
VisualStudioVersion = 16.0.30907.101
MinimumVisualStudioVersion = 10.0.40219.1
Project("{FAE04EC0-301F-11D3-BF4B-00C04F79EFBC}") = "DataAcces", "DataAcces\DataAcces.csproj", "{36721E13-0F15-4533-BA15-B446B6BC5638}"
EndProject
Project("{FAE04EC0-301F-11D3-BF4B-00C04F79EFBC}") = "Entity", "Entity\Entity.csproj", "{5C924294-0445-4F6B-BF68-6BE22AAF3290}"
EndProject
Project("{FAE04EC0-301F-11D3-BF4B-00C04F79EFBC}") = "Business", "Business\Business.csproj", "{E80F2B7F-854A-4005-97D1-373785414F99}"
EndProject
Project("{FAE04EC0-301F-11D3-BF4B-00C04F79EFBC}") = "ConsoleUI", "ConsoleUI\ConsoleUI.csproj", "{5E0482D0-1726-4852-B482-FD9FB189D007}"
EndProject
Global
	GlobalSection(SolutionConfigurationPlatforms) = preSolution
		Debug|Any CPU = Debug|Any CPU
		Release|Any CPU = Release|Any CPU
	EndGlobalSection
	GlobalSection(ProjectConfigurationPlatforms) = postSolution
		{36721E13-0F15-4533-BA15-B446B6BC5638}.Debug|Any CPU.ActiveCfg = Debug|Any CPU
		{36721E13-0F15-4533-BA15-B446B6BC5638}.Debug|Any CPU.Build.0 = Debug|Any CPU
		{36721E13-0F15-4533-BA15-B446B6BC5638}.Release|Any CPU.ActiveCfg = Release|Any CPU
		{36721E13-0F15-4533-BA15-B446B6BC5638}.Release|Any CPU.Build.0 = Release|Any CPU
		{5C924294-0445-4F6B-BF68-6BE22AAF3290}.Debug|Any CPU.ActiveCfg = Debug|Any CPU
		{5C924294-0445-4F6B-BF68-6BE22AAF3290}.Debug|Any CPU.Build.0 = Debug|Any CPU
		{5C924294-0445-4F6B-BF68-6BE22AAF3290}.Release|Any CPU.ActiveCfg = Release|Any CPU
		{5C924294-0445-4F6B-BF68-6BE22AAF3290}.Release|Any CPU.Build.0 = Release|Any CPU
		{E80F2B7F-854A-4005-97D1-373785414F99}.Debug|Any CPU.ActiveCfg = Debug|Any CPU
		{E80F2B7F-854A-4005-97D1-373785414F99}.Debug|Any CPU.Build.0 = Debug|Any CPU
		{E80F2B7F-854A-4005-97D1-373785414F99}.Release|Any CPU.ActiveCfg = Release|Any CPU
		{E80F2B7F-854A-4005-97D1-373785414F99}.Release|Any CPU.Build.0 = Release|Any CPU
		{5E0482D0-1726-4852-B482-FD9FB189D007}.Debug|Any CPU.ActiveCfg = Debug|Any CPU
		{5E0482D0-1726-4852-B482-FD9FB189D007}.Debug|Any CPU.Build.0 = Debug|Any CPU
		{5E0482D0-1726-4852-B482-FD9FB189D007}.Release|Any CPU.ActiveCfg = Release|Any CPU
		{5E0482D0-1726-4852-B482-FD9FB189D007}.Release|Any CPU.Build.0 = Release|Any CPU
	EndGlobalSection
	GlobalSection(SolutionProperties) = preSolution
		HideSolutionNode = FALSE
	EndGlobalSection
	GlobalSection(ExtensibilityGlobals) = postSolution
		SolutionGuid = {513DF88F-02A8-4148-ADCE-63BDFA5349F5}
	EndGlobalSection
EndGlobal
